
Microsoft Visual Studio Solution File, Format Version 12.00
# Visual Studio Version 17
VisualStudioVersion = 17.9.34728.123
MinimumVisualStudioVersion = 10.0.40219.1
Project("{FAE04EC0-301F-11D3-BF4B-00C04F79EFBC}") = "BusinessCard", "BusinessCard\BusinessCard.csproj", "{09A53257-7174-4EA8-9683-3772B66FDFF9}"
EndProject
Global
	GlobalSection(SolutionConfigurationPlatforms) = preSolution
		Debug|Any CPU = Debug|Any CPU
		Release|Any CPU = Release|Any CPU
	EndGlobalSection
	GlobalSection(ProjectConfigurationPlatforms) = postSolution
		{09A53257-7174-4EA8-9683-3772B66FDFF9}.Debug|Any CPU.ActiveCfg = Debug|Any CPU
		{09A53257-7174-4EA8-9683-3772B66FDFF9}.Debug|Any CPU.Build.0 = Debug|Any CPU
		{09A53257-7174-4EA8-9683-3772B66FDFF9}.Release|Any CPU.ActiveCfg = Release|Any CPU
		{09A53257-7174-4EA8-9683-3772B66FDFF9}.Release|Any CPU.Build.0 = Release|Any CPU
	EndGlobalSection
	GlobalSection(SolutionProperties) = preSolution
		HideSolutionNode = FALSE
	EndGlobalSection
	GlobalSection(ExtensibilityGlobals) = postSolution
		SolutionGuid = {96309A18-3FE9-4215-BA8A-96AB2573B87F}
	EndGlobalSection
EndGlobal
